
Microsoft Visual Studio Solution File, Format Version 12.00
# Visual Studio Version 17
VisualStudioVersion = 17.4.33205.214
MinimumVisualStudioVersion = 10.0.40219.1
Project("{9A19103F-16F7-4668-BE54-9A1E7A4F7556}") = "IMS.WebApp", "IMS.WebApp\IMS.WebApp.csproj", "{13E9F35C-9AC3-496F-B450-B9C9A1434DA0}"
EndProject
Project("{FAE04EC0-301F-11D3-BF4B-00C04F79EFBC}") = "IMS.UseCases", "IMS.UseCases\IMS.UseCases.csproj", "{53A7058F-1F0F-4037-8056-CEA03037EC70}"
EndProject
Global
	GlobalSection(SolutionConfigurationPlatforms) = preSolution
		Debug|Any CPU = Debug|Any CPU
		Release|Any CPU = Release|Any CPU
	EndGlobalSection
	GlobalSection(ProjectConfigurationPlatforms) = postSolution
		{13E9F35C-9AC3-496F-B450-B9C9A1434DA0}.Debug|Any CPU.ActiveCfg = Debug|Any CPU
		{13E9F35C-9AC3-496F-B450-B9C9A1434DA0}.Debug|Any CPU.Build.0 = Debug|Any CPU
		{13E9F35C-9AC3-496F-B450-B9C9A1434DA0}.Release|Any CPU.ActiveCfg = Release|Any CPU
		{13E9F35C-9AC3-496F-B450-B9C9A1434DA0}.Release|Any CPU.Build.0 = Release|Any CPU
		{53A7058F-1F0F-4037-8056-CEA03037EC70}.Debug|Any CPU.ActiveCfg = Debug|Any CPU
		{53A7058F-1F0F-4037-8056-CEA03037EC70}.Debug|Any CPU.Build.0 = Debug|Any CPU
		{53A7058F-1F0F-4037-8056-CEA03037EC70}.Release|Any CPU.ActiveCfg = Release|Any CPU
		{53A7058F-1F0F-4037-8056-CEA03037EC70}.Release|Any CPU.Build.0 = Release|Any CPU
	EndGlobalSection
	GlobalSection(SolutionProperties) = preSolution
		HideSolutionNode = FALSE
	EndGlobalSection
	GlobalSection(ExtensibilityGlobals) = postSolution
		SolutionGuid = {ED8F6089-3025-4BD2-8111-BFD97916E889}
	EndGlobalSection
EndGlobal
